
Microsoft Visual Studio Solution File, Format Version 12.00
# Visual Studio 15
VisualStudioVersion = 15.0.27703.2042
MinimumVisualStudioVersion = 10.0.40219.1
Project("{FAE04EC0-301F-11D3-BF4B-00C04F79EFBC}") = "ManyToManyRelationship", "ManyToManyRelationship\ManyToManyRelationship.csproj", "{7EFC1F2F-1259-4215-A1F4-F3C195958253}"
EndProject
Global
	GlobalSection(SolutionConfigurationPlatforms) = preSolution
		Debug|Any CPU = Debug|Any CPU
		Release|Any CPU = Release|Any CPU
	EndGlobalSection
	GlobalSection(ProjectConfigurationPlatforms) = postSolution
		{7EFC1F2F-1259-4215-A1F4-F3C195958253}.Debug|Any CPU.ActiveCfg = Debug|Any CPU
		{7EFC1F2F-1259-4215-A1F4-F3C195958253}.Debug|Any CPU.Build.0 = Debug|Any CPU
		{7EFC1F2F-1259-4215-A1F4-F3C195958253}.Release|Any CPU.ActiveCfg = Release|Any CPU
		{7EFC1F2F-1259-4215-A1F4-F3C195958253}.Release|Any CPU.Build.0 = Release|Any CPU
	EndGlobalSection
	GlobalSection(SolutionProperties) = preSolution
		HideSolutionNode = FALSE
	EndGlobalSection
	GlobalSection(ExtensibilityGlobals) = postSolution
		SolutionGuid = {0156D56C-0AC1-4F2E-9303-A0710C6AB230}
	EndGlobalSection
EndGlobal
